
Microsoft Visual Studio Solution File, Format Version 12.00
# Visual Studio Version 16
VisualStudioVersion = 16.0.29123.88
MinimumVisualStudioVersion = 10.0.40219.1
Project("{FAE04EC0-301F-11D3-BF4B-00C04F79EFBC}") = "SnapSucks", "SnapSucks\SnapSucks.csproj", "{591D66D5-5797-471E-B59B-1BD562300226}"
EndProject
Project("{2150E333-8FDC-42A3-9474-1A3956D46DE8}") = "submodules", "submodules", "{54F47918-60F9-478D-9BB2-A0106DBCCDF7}"
EndProject
Project("{FAE04EC0-301F-11D3-BF4B-00C04F79EFBC}") = "XamarinXposedGenerator", "..\submodules\XamarinXposed\src\XamarinXposedGenerator\XamarinXposedGenerator.csproj", "{5D4CDA08-3EB9-4A88-8B6D-A4C358D110B4}"
EndProject
Global
	GlobalSection(SolutionConfigurationPlatforms) = preSolution
		Debug|Any CPU = Debug|Any CPU
		Release|Any CPU = Release|Any CPU
	EndGlobalSection
	GlobalSection(ProjectConfigurationPlatforms) = postSolution
		{591D66D5-5797-471E-B59B-1BD562300226}.Debug|Any CPU.ActiveCfg = Debug|Any CPU
		{591D66D5-5797-471E-B59B-1BD562300226}.Debug|Any CPU.Build.0 = Debug|Any CPU
		{591D66D5-5797-471E-B59B-1BD562300226}.Debug|Any CPU.Deploy.0 = Debug|Any CPU
		{591D66D5-5797-471E-B59B-1BD562300226}.Release|Any CPU.ActiveCfg = Release|Any CPU
		{591D66D5-5797-471E-B59B-1BD562300226}.Release|Any CPU.Build.0 = Release|Any CPU
		{591D66D5-5797-471E-B59B-1BD562300226}.Release|Any CPU.Deploy.0 = Release|Any CPU
		{5D4CDA08-3EB9-4A88-8B6D-A4C358D110B4}.Debug|Any CPU.ActiveCfg = Debug|Any CPU
		{5D4CDA08-3EB9-4A88-8B6D-A4C358D110B4}.Debug|Any CPU.Build.0 = Debug|Any CPU
		{5D4CDA08-3EB9-4A88-8B6D-A4C358D110B4}.Release|Any CPU.ActiveCfg = Release|Any CPU
		{5D4CDA08-3EB9-4A88-8B6D-A4C358D110B4}.Release|Any CPU.Build.0 = Release|Any CPU
	EndGlobalSection
	GlobalSection(SolutionProperties) = preSolution
		HideSolutionNode = FALSE
	EndGlobalSection
	GlobalSection(NestedProjects) = preSolution
		{5D4CDA08-3EB9-4A88-8B6D-A4C358D110B4} = {54F47918-60F9-478D-9BB2-A0106DBCCDF7}
	EndGlobalSection
	GlobalSection(ExtensibilityGlobals) = postSolution
		SolutionGuid = {DA2A719E-6AA3-4E10-9998-27F062DF2044}
	EndGlobalSection
EndGlobal
